
Microsoft Visual Studio Solution File, Format Version 12.00
# Visual Studio 15
VisualStudioVersion = 15.0.28010.2003
MinimumVisualStudioVersion = 10.0.40219.1
Project("{8BC9CEB8-8B4A-11D0-8D11-00A0C91BC942}") = "Raytracer", "Raytracer\Raytracer.vcxproj", "{5D16FF58-8502-4EFC-A5F6-B8788D1902E1}"
EndProject
Global
	GlobalSection(SolutionConfigurationPlatforms) = preSolution
		Debug|x64 = Debug|x64
		Debug|x86 = Debug|x86
		Release|x64 = Release|x64
		Release|x86 = Release|x86
	EndGlobalSection
	GlobalSection(ProjectConfigurationPlatforms) = postSolution
		{5D16FF58-8502-4EFC-A5F6-B8788D1902E1}.Debug|x64.ActiveCfg = Debug|x64
		{5D16FF58-8502-4EFC-A5F6-B8788D1902E1}.Debug|x64.Build.0 = Debug|x64
		{5D16FF58-8502-4EFC-A5F6-B8788D1902E1}.Debug|x86.ActiveCfg = Debug|Win32
		{5D16FF58-8502-4EFC-A5F6-B8788D1902E1}.Debug|x86.Build.0 = Debug|Win32
		{5D16FF58-8502-4EFC-A5F6-B8788D1902E1}.Release|x64.ActiveCfg = Release|x64
		{5D16FF58-8502-4EFC-A5F6-B8788D1902E1}.Release|x64.Build.0 = Release|x64
		{5D16FF58-8502-4EFC-A5F6-B8788D1902E1}.Release|x86.ActiveCfg = Release|x64
		{5D16FF58-8502-4EFC-A5F6-B8788D1902E1}.Release|x86.Build.0 = Release|x64
	EndGlobalSection
	GlobalSection(SolutionProperties) = preSolution
		HideSolutionNode = FALSE
	EndGlobalSection
	GlobalSection(ExtensibilityGlobals) = postSolution
		SolutionGuid = {48C2893A-C85D-42AB-8A8D-D132F5076E68}
	EndGlobalSection
EndGlobal
